
Microsoft Visual Studio Solution File, Format Version 12.00
# Visual Studio 15
VisualStudioVersion = 15.0.27703.2018
MinimumVisualStudioVersion = 10.0.40219.1
Project("{9A19103F-16F7-4668-BE54-9A1E7A4F7556}") = "EF-Parse.Core", "EF-Parse.Core.csproj", "{7F58F4F8-28ED-4790-A0BD-A45BAF91867C}"
EndProject
Global
	GlobalSection(SolutionConfigurationPlatforms) = preSolution
		Debug|Any CPU = Debug|Any CPU
		Release|Any CPU = Release|Any CPU
	EndGlobalSection
	GlobalSection(ProjectConfigurationPlatforms) = postSolution
		{7F58F4F8-28ED-4790-A0BD-A45BAF91867C}.Debug|Any CPU.ActiveCfg = Debug|Any CPU
		{7F58F4F8-28ED-4790-A0BD-A45BAF91867C}.Debug|Any CPU.Build.0 = Debug|Any CPU
		{7F58F4F8-28ED-4790-A0BD-A45BAF91867C}.Release|Any CPU.ActiveCfg = Release|Any CPU
		{7F58F4F8-28ED-4790-A0BD-A45BAF91867C}.Release|Any CPU.Build.0 = Release|Any CPU
	EndGlobalSection
	GlobalSection(SolutionProperties) = preSolution
		HideSolutionNode = FALSE
	EndGlobalSection
	GlobalSection(ExtensibilityGlobals) = postSolution
		SolutionGuid = {AFF1B72F-7237-456F-9C1E-053FA7B53EC4}
	EndGlobalSection
EndGlobal
